
Microsoft Visual Studio Solution File, Format Version 12.00
# Visual Studio Version 17
VisualStudioVersion = 17.4.33205.214
MinimumVisualStudioVersion = 10.0.40219.1
Project("{9A19103F-16F7-4668-BE54-9A1E7A4F7556}") = "SI.Project.Api", "SI.Project.Api\SI.Project.Api.csproj", "{CD473362-9767-43CA-943B-E29203D7D653}"
EndProject
Project("{9A19103F-16F7-4668-BE54-9A1E7A4F7556}") = "SI.Project.IdentityServer", "SI.Project.IdentityServer\SI.Project.IdentityServer.csproj", "{2018DCFC-0419-44DE-BF72-555005FD6AA9}"
EndProject
Project("{2150E333-8FDC-42A3-9474-1A3956D46DE8}") = "Solution Items", "Solution Items", "{C3E0043A-8DA9-4E4A-81CA-FDC234FFE468}"
	ProjectSection(SolutionItems) = preProject
		README.md = README.md
	EndProjectSection
EndProject
Project("{FAE04EC0-301F-11D3-BF4B-00C04F79EFBC}") = "SI.Project.Shared", "SI.Project.Shared\SI.Project.Shared.csproj", "{D8B89256-B562-4D34-ACFC-F0AEAFF61545}"
EndProject
Global
	GlobalSection(SolutionConfigurationPlatforms) = preSolution
		Debug|Any CPU = Debug|Any CPU
		Release|Any CPU = Release|Any CPU
	EndGlobalSection
	GlobalSection(ProjectConfigurationPlatforms) = postSolution
		{CD473362-9767-43CA-943B-E29203D7D653}.Debug|Any CPU.ActiveCfg = Debug|Any CPU
		{CD473362-9767-43CA-943B-E29203D7D653}.Debug|Any CPU.Build.0 = Debug|Any CPU
		{CD473362-9767-43CA-943B-E29203D7D653}.Release|Any CPU.ActiveCfg = Release|Any CPU
		{CD473362-9767-43CA-943B-E29203D7D653}.Release|Any CPU.Build.0 = Release|Any CPU
		{2018DCFC-0419-44DE-BF72-555005FD6AA9}.Debug|Any CPU.ActiveCfg = Debug|Any CPU
		{2018DCFC-0419-44DE-BF72-555005FD6AA9}.Debug|Any CPU.Build.0 = Debug|Any CPU
		{2018DCFC-0419-44DE-BF72-555005FD6AA9}.Release|Any CPU.ActiveCfg = Release|Any CPU
		{2018DCFC-0419-44DE-BF72-555005FD6AA9}.Release|Any CPU.Build.0 = Release|Any CPU
		{D8B89256-B562-4D34-ACFC-F0AEAFF61545}.Debug|Any CPU.ActiveCfg = Debug|Any CPU
		{D8B89256-B562-4D34-ACFC-F0AEAFF61545}.Debug|Any CPU.Build.0 = Debug|Any CPU
		{D8B89256-B562-4D34-ACFC-F0AEAFF61545}.Release|Any CPU.ActiveCfg = Release|Any CPU
		{D8B89256-B562-4D34-ACFC-F0AEAFF61545}.Release|Any CPU.Build.0 = Release|Any CPU
	EndGlobalSection
	GlobalSection(SolutionProperties) = preSolution
		HideSolutionNode = FALSE
	EndGlobalSection
	GlobalSection(ExtensibilityGlobals) = postSolution
		SolutionGuid = {D127ABFA-8342-4636-B655-AAE6B262CADD}
	EndGlobalSection
EndGlobal
